
Microsoft Visual Studio Solution File, Format Version 12.00
# Visual Studio Version 17
VisualStudioVersion = 17.8.34511.84
MinimumVisualStudioVersion = 10.0.40219.1
Project("{FAE04EC0-301F-11D3-BF4B-00C04F79EFBC}") = "Task1", "Task1\Task1.csproj", "{0DCA92B9-FC2B-4A4E-B4AB-540B4FA06C09}"
EndProject
Global
	GlobalSection(SolutionConfigurationPlatforms) = preSolution
		Debug|Any CPU = Debug|Any CPU
		Release|Any CPU = Release|Any CPU
	EndGlobalSection
	GlobalSection(ProjectConfigurationPlatforms) = postSolution
		{0DCA92B9-FC2B-4A4E-B4AB-540B4FA06C09}.Debug|Any CPU.ActiveCfg = Debug|Any CPU
		{0DCA92B9-FC2B-4A4E-B4AB-540B4FA06C09}.Debug|Any CPU.Build.0 = Debug|Any CPU
		{0DCA92B9-FC2B-4A4E-B4AB-540B4FA06C09}.Release|Any CPU.ActiveCfg = Release|Any CPU
		{0DCA92B9-FC2B-4A4E-B4AB-540B4FA06C09}.Release|Any CPU.Build.0 = Release|Any CPU
	EndGlobalSection
	GlobalSection(SolutionProperties) = preSolution
		HideSolutionNode = FALSE
	EndGlobalSection
	GlobalSection(ExtensibilityGlobals) = postSolution
		SolutionGuid = {56CF56F6-2A02-4119-9B89-B2338A69E126}
	EndGlobalSection
EndGlobal
