
Microsoft Visual Studio Solution File, Format Version 12.00
# Visual Studio Version 17
VisualStudioVersion = 17.8.34511.84
MinimumVisualStudioVersion = 10.0.40219.1
Project("{FAE04EC0-301F-11D3-BF4B-00C04F79EFBC}") = "Task3", "Task3\Task3.csproj", "{11CABF40-DA3E-41F3-B682-F66644C98AA2}"
EndProject
Global
	GlobalSection(SolutionConfigurationPlatforms) = preSolution
		Debug|Any CPU = Debug|Any CPU
		Release|Any CPU = Release|Any CPU
	EndGlobalSection
	GlobalSection(ProjectConfigurationPlatforms) = postSolution
		{11CABF40-DA3E-41F3-B682-F66644C98AA2}.Debug|Any CPU.ActiveCfg = Debug|Any CPU
		{11CABF40-DA3E-41F3-B682-F66644C98AA2}.Debug|Any CPU.Build.0 = Debug|Any CPU
		{11CABF40-DA3E-41F3-B682-F66644C98AA2}.Release|Any CPU.ActiveCfg = Release|Any CPU
		{11CABF40-DA3E-41F3-B682-F66644C98AA2}.Release|Any CPU.Build.0 = Release|Any CPU
	EndGlobalSection
	GlobalSection(SolutionProperties) = preSolution
		HideSolutionNode = FALSE
	EndGlobalSection
	GlobalSection(ExtensibilityGlobals) = postSolution
		SolutionGuid = {47735C77-7225-4242-B6FB-BDC638D00665}
	EndGlobalSection
EndGlobal
