
Microsoft Visual Studio Solution File, Format Version 12.00
# Visual Studio Version 17
VisualStudioVersion = 17.8.34511.84
MinimumVisualStudioVersion = 10.0.40219.1
Project("{FAE04EC0-301F-11D3-BF4B-00C04F79EFBC}") = "leetcodeproblem", "leetcodeproblem\leetcodeproblem.csproj", "{569E65D9-C95D-440A-8A27-08EFBE8A115D}"
EndProject
Global
	GlobalSection(SolutionConfigurationPlatforms) = preSolution
		Debug|Any CPU = Debug|Any CPU
		Release|Any CPU = Release|Any CPU
	EndGlobalSection
	GlobalSection(ProjectConfigurationPlatforms) = postSolution
		{569E65D9-C95D-440A-8A27-08EFBE8A115D}.Debug|Any CPU.ActiveCfg = Debug|Any CPU
		{569E65D9-C95D-440A-8A27-08EFBE8A115D}.Debug|Any CPU.Build.0 = Debug|Any CPU
		{569E65D9-C95D-440A-8A27-08EFBE8A115D}.Release|Any CPU.ActiveCfg = Release|Any CPU
		{569E65D9-C95D-440A-8A27-08EFBE8A115D}.Release|Any CPU.Build.0 = Release|Any CPU
	EndGlobalSection
	GlobalSection(SolutionProperties) = preSolution
		HideSolutionNode = FALSE
	EndGlobalSection
	GlobalSection(ExtensibilityGlobals) = postSolution
		SolutionGuid = {4A2F0C46-2960-4F8B-B37D-FB18F4EF535A}
	EndGlobalSection
EndGlobal
