
Microsoft Visual Studio Solution File, Format Version 12.00
# Visual Studio Version 17
VisualStudioVersion = 17.8.34511.84
MinimumVisualStudioVersion = 10.0.40219.1
Project("{FAE04EC0-301F-11D3-BF4B-00C04F79EFBC}") = "Game", "Game\Game.csproj", "{C5AA1F42-F310-4874-8B35-19CF5E135364}"
EndProject
Global
	GlobalSection(SolutionConfigurationPlatforms) = preSolution
		Debug|Any CPU = Debug|Any CPU
		Release|Any CPU = Release|Any CPU
	EndGlobalSection
	GlobalSection(ProjectConfigurationPlatforms) = postSolution
		{C5AA1F42-F310-4874-8B35-19CF5E135364}.Debug|Any CPU.ActiveCfg = Debug|Any CPU
		{C5AA1F42-F310-4874-8B35-19CF5E135364}.Debug|Any CPU.Build.0 = Debug|Any CPU
		{C5AA1F42-F310-4874-8B35-19CF5E135364}.Release|Any CPU.ActiveCfg = Release|Any CPU
		{C5AA1F42-F310-4874-8B35-19CF5E135364}.Release|Any CPU.Build.0 = Release|Any CPU
	EndGlobalSection
	GlobalSection(SolutionProperties) = preSolution
		HideSolutionNode = FALSE
	EndGlobalSection
	GlobalSection(ExtensibilityGlobals) = postSolution
		SolutionGuid = {1D1EA72E-B814-4D72-888A-7F2779ADF7B6}
	EndGlobalSection
EndGlobal
