
Microsoft Visual Studio Solution File, Format Version 12.00
# Visual Studio Version 17
VisualStudioVersion = 17.9.34714.143
MinimumVisualStudioVersion = 10.0.40219.1
Project("{FAE04EC0-301F-11D3-BF4B-00C04F79EFBC}") = "SignInSignUp", "SignInSignUp\SignInSignUp.csproj", "{F2BB9A9F-70AF-459B-A38B-75F8DE28E3C1}"
EndProject
Global
	GlobalSection(SolutionConfigurationPlatforms) = preSolution
		Debug|Any CPU = Debug|Any CPU
		Release|Any CPU = Release|Any CPU
	EndGlobalSection
	GlobalSection(ProjectConfigurationPlatforms) = postSolution
		{F2BB9A9F-70AF-459B-A38B-75F8DE28E3C1}.Debug|Any CPU.ActiveCfg = Debug|Any CPU
		{F2BB9A9F-70AF-459B-A38B-75F8DE28E3C1}.Debug|Any CPU.Build.0 = Debug|Any CPU
		{F2BB9A9F-70AF-459B-A38B-75F8DE28E3C1}.Release|Any CPU.ActiveCfg = Release|Any CPU
		{F2BB9A9F-70AF-459B-A38B-75F8DE28E3C1}.Release|Any CPU.Build.0 = Release|Any CPU
	EndGlobalSection
	GlobalSection(SolutionProperties) = preSolution
		HideSolutionNode = FALSE
	EndGlobalSection
	GlobalSection(ExtensibilityGlobals) = postSolution
		SolutionGuid = {6DF865B1-4919-478A-88E7-B1FB64A396EC}
	EndGlobalSection
EndGlobal
