
Microsoft Visual Studio Solution File, Format Version 12.00
# Visual Studio Version 17
VisualStudioVersion = 17.8.34511.84
MinimumVisualStudioVersion = 10.0.40219.1
Project("{FAE04EC0-301F-11D3-BF4B-00C04F79EFBC}") = "ConsoleApp1", "ConsoleApp1\ConsoleApp1.csproj", "{C7711DD0-78FD-42A8-A88D-51C06D7A38E7}"
EndProject
Global
	GlobalSection(SolutionConfigurationPlatforms) = preSolution
		Debug|Any CPU = Debug|Any CPU
		Release|Any CPU = Release|Any CPU
	EndGlobalSection
	GlobalSection(ProjectConfigurationPlatforms) = postSolution
		{C7711DD0-78FD-42A8-A88D-51C06D7A38E7}.Debug|Any CPU.ActiveCfg = Debug|Any CPU
		{C7711DD0-78FD-42A8-A88D-51C06D7A38E7}.Debug|Any CPU.Build.0 = Debug|Any CPU
		{C7711DD0-78FD-42A8-A88D-51C06D7A38E7}.Release|Any CPU.ActiveCfg = Release|Any CPU
		{C7711DD0-78FD-42A8-A88D-51C06D7A38E7}.Release|Any CPU.Build.0 = Release|Any CPU
	EndGlobalSection
	GlobalSection(SolutionProperties) = preSolution
		HideSolutionNode = FALSE
	EndGlobalSection
	GlobalSection(ExtensibilityGlobals) = postSolution
		SolutionGuid = {B80595C4-3946-41AF-A89D-A300E612058D}
	EndGlobalSection
EndGlobal
