
Microsoft Visual Studio Solution File, Format Version 12.00
# Visual Studio Version 17
VisualStudioVersion = 17.8.34408.163
MinimumVisualStudioVersion = 10.0.40219.1
Project("{FAE04EC0-301F-11D3-BF4B-00C04F79EFBC}") = "Challenge_4", "Challenge_4.csproj", "{49BA2ED4-54C2-4A3F-B296-99F5C1449A27}"
EndProject
Global
	GlobalSection(SolutionConfigurationPlatforms) = preSolution
		Debug|Any CPU = Debug|Any CPU
		Release|Any CPU = Release|Any CPU
	EndGlobalSection
	GlobalSection(ProjectConfigurationPlatforms) = postSolution
		{49BA2ED4-54C2-4A3F-B296-99F5C1449A27}.Debug|Any CPU.ActiveCfg = Debug|Any CPU
		{49BA2ED4-54C2-4A3F-B296-99F5C1449A27}.Debug|Any CPU.Build.0 = Debug|Any CPU
		{49BA2ED4-54C2-4A3F-B296-99F5C1449A27}.Release|Any CPU.ActiveCfg = Release|Any CPU
		{49BA2ED4-54C2-4A3F-B296-99F5C1449A27}.Release|Any CPU.Build.0 = Release|Any CPU
	EndGlobalSection
	GlobalSection(SolutionProperties) = preSolution
		HideSolutionNode = FALSE
	EndGlobalSection
	GlobalSection(ExtensibilityGlobals) = postSolution
		SolutionGuid = {064D7BD0-5B93-4933-B8CE-D30D0B99FE6C}
	EndGlobalSection
EndGlobal
